// !$*UTF8*$!
{
	archiveVersion = 1;
	classes = {
	};
	objectVersion = 56;
	objects = {

/* Begin PBXBuildFile section */
		442907F02B0ECCAB0023D2C6 /* PhotoCameraManager.swift in Sources */ = {isa = PBXBuildFile; fileRef = 442907EF2B0ECCAB0023D2C6 /* PhotoCameraManager.swift */; };
		442907F22B0ECE0E0023D2C6 /* DefinitionView.swift in Sources */ = {isa = PBXBuildFile; fileRef = 442907F12B0ECE0E0023D2C6 /* DefinitionView.swift */; };
		442907F42B0F05650023D2C6 /* CameraView.swift in Sources */ = {isa = PBXBuildFile; fileRef = 442907F32B0F05650023D2C6 /* CameraView.swift */; };
		442908002B0F1C7D0023D2C6 /* PhotoTextRecognizer.swift in Sources */ = {isa = PBXBuildFile; fileRef = 442907FF2B0F1C7D0023D2C6 /* PhotoTextRecognizer.swift */; };
		4442BB612B0C8151007FCB91 /* DictionaryResponse.swift in Sources */ = {isa = PBXBuildFile; fileRef = 4442BB602B0C8151007FCB91 /* DictionaryResponse.swift */; };
		4454ECF42B0FE62700AF3E3F /* VideoCameraManager.swift in Sources */ = {isa = PBXBuildFile; fileRef = 4454ECF32B0FE62700AF3E3F /* VideoCameraManager.swift */; };
		4454ECF62B0FE74B00AF3E3F /* TextRecognizer.swift in Sources */ = {isa = PBXBuildFile; fileRef = 4454ECF52B0FE74B00AF3E3F /* TextRecognizer.swift */; };
		4454ECF82B0FED8000AF3E3F /* VideoView.swift in Sources */ = {isa = PBXBuildFile; fileRef = 4454ECF72B0FED8000AF3E3F /* VideoView.swift */; };
		44590B912B113916000BB61F /* MLVideoCameraManager.swift in Sources */ = {isa = PBXBuildFile; fileRef = 44590B902B113916000BB61F /* MLVideoCameraManager.swift */; };
		4459D7DE2B0D1AAC0029359E /* CrosshairView.swift in Sources */ = {isa = PBXBuildFile; fileRef = 4459D7DD2B0D1AAC0029359E /* CrosshairView.swift */; };
		4465210B2B111FB900572586 /* ImageUtils.swift in Sources */ = {isa = PBXBuildFile; fileRef = 4465210A2B111FB900572586 /* ImageUtils.swift */; };
		4465210D2B112D8100572586 /* MLPhotoCameraManager.swift in Sources */ = {isa = PBXBuildFile; fileRef = 4465210C2B112D8100572586 /* MLPhotoCameraManager.swift */; };
		44A483692B10544900D68579 /* MLTextRecognizer.swift in Sources */ = {isa = PBXBuildFile; fileRef = 44A483682B10544900D68579 /* MLTextRecognizer.swift */; };
		44B827F22B1030E60084CD09 /* WordDefinitionView.swift in Sources */ = {isa = PBXBuildFile; fileRef = 44B827F12B1030E60084CD09 /* WordDefinitionView.swift */; };
		44CFDDF22B0B20CE0002ECAB /* DefineLensApp.swift in Sources */ = {isa = PBXBuildFile; fileRef = 44CFDDF12B0B20CE0002ECAB /* DefineLensApp.swift */; };
		44CFDDF42B0B20CE0002ECAB /* ContentView.swift in Sources */ = {isa = PBXBuildFile; fileRef = 44CFDDF32B0B20CE0002ECAB /* ContentView.swift */; };
		44CFDDF62B0B20CF0002ECAB /* Assets.xcassets in Resources */ = {isa = PBXBuildFile; fileRef = 44CFDDF52B0B20CF0002ECAB /* Assets.xcassets */; };
		44CFDDFA2B0B20CF0002ECAB /* Preview Assets.xcassets in Resources */ = {isa = PBXBuildFile; fileRef = 44CFDDF92B0B20CF0002ECAB /* Preview Assets.xcassets */; };
		44CFDE032B0B2F490002ECAB /* DictionaryAPI.swift in Sources */ = {isa = PBXBuildFile; fileRef = 44CFDE022B0B2F490002ECAB /* DictionaryAPI.swift */; };
		AE82D58F2615756FEF8A0571 /* Pods_DefineLens.framework in Frameworks */ = {isa = PBXBuildFile; fileRef = D6D7DE45FB7F83533E20F665 /* Pods_DefineLens.framework */; };
/* End PBXBuildFile section */

/* Begin PBXFileReference section */
		28DC121A5540353666E4D4A3 /* Pods-DefineLens.release.xcconfig */ = {isa = PBXFileReference; includeInIndex = 1; lastKnownFileType = text.xcconfig; name = "Pods-DefineLens.release.xcconfig"; path = "Target Support Files/Pods-DefineLens/Pods-DefineLens.release.xcconfig"; sourceTree = "<group>"; };
		442907EF2B0ECCAB0023D2C6 /* PhotoCameraManager.swift */ = {isa = PBXFileReference; lastKnownFileType = sourcecode.swift; path = PhotoCameraManager.swift; sourceTree = "<group>"; };
		442907F12B0ECE0E0023D2C6 /* DefinitionView.swift */ = {isa = PBXFileReference; lastKnownFileType = sourcecode.swift; path = DefinitionView.swift; sourceTree = "<group>"; };
		442907F32B0F05650023D2C6 /* CameraView.swift */ = {isa = PBXFileReference; lastKnownFileType = sourcecode.swift; path = CameraView.swift; sourceTree = "<group>"; };
		442907FF2B0F1C7D0023D2C6 /* PhotoTextRecognizer.swift */ = {isa = PBXFileReference; lastKnownFileType = sourcecode.swift; path = PhotoTextRecognizer.swift; sourceTree = "<group>"; };
		4442BB602B0C8151007FCB91 /* DictionaryResponse.swift */ = {isa = PBXFileReference; lastKnownFileType = sourcecode.swift; path = DictionaryResponse.swift; sourceTree = "<group>"; };
		4454ECF32B0FE62700AF3E3F /* VideoCameraManager.swift */ = {isa = PBXFileReference; lastKnownFileType = sourcecode.swift; path = VideoCameraManager.swift; sourceTree = "<group>"; };
		4454ECF52B0FE74B00AF3E3F /* TextRecognizer.swift */ = {isa = PBXFileReference; lastKnownFileType = sourcecode.swift; path = TextRecognizer.swift; sourceTree = "<group>"; };
		4454ECF72B0FED8000AF3E3F /* VideoView.swift */ = {isa = PBXFileReference; lastKnownFileType = sourcecode.swift; path = VideoView.swift; sourceTree = "<group>"; };
		44590B902B113916000BB61F /* MLVideoCameraManager.swift */ = {isa = PBXFileReference; lastKnownFileType = sourcecode.swift; path = MLVideoCameraManager.swift; sourceTree = "<group>"; };
		4459D7DD2B0D1AAC0029359E /* CrosshairView.swift */ = {isa = PBXFileReference; lastKnownFileType = sourcecode.swift; path = CrosshairView.swift; sourceTree = "<group>"; };
		4465210A2B111FB900572586 /* ImageUtils.swift */ = {isa = PBXFileReference; lastKnownFileType = sourcecode.swift; path = ImageUtils.swift; sourceTree = "<group>"; };
		4465210C2B112D8100572586 /* MLPhotoCameraManager.swift */ = {isa = PBXFileReference; lastKnownFileType = sourcecode.swift; path = MLPhotoCameraManager.swift; sourceTree = "<group>"; };
		44A483682B10544900D68579 /* MLTextRecognizer.swift */ = {isa = PBXFileReference; lastKnownFileType = sourcecode.swift; path = MLTextRecognizer.swift; sourceTree = "<group>"; };
		44B827F12B1030E60084CD09 /* WordDefinitionView.swift */ = {isa = PBXFileReference; lastKnownFileType = sourcecode.swift; path = WordDefinitionView.swift; sourceTree = "<group>"; };
		44CFDDEE2B0B20CE0002ECAB /* DefineLens.app */ = {isa = PBXFileReference; explicitFileType = wrapper.application; includeInIndex = 0; path = DefineLens.app; sourceTree = BUILT_PRODUCTS_DIR; };
		44CFDDF12B0B20CE0002ECAB /* DefineLensApp.swift */ = {isa = PBXFileReference; lastKnownFileType = sourcecode.swift; path = DefineLensApp.swift; sourceTree = "<group>"; };
		44CFDDF32B0B20CE0002ECAB /* ContentView.swift */ = {isa = PBXFileReference; lastKnownFileType = sourcecode.swift; path = ContentView.swift; sourceTree = "<group>"; };
		44CFDDF52B0B20CF0002ECAB /* Assets.xcassets */ = {isa = PBXFileReference; lastKnownFileType = folder.assetcatalog; path = Assets.xcassets; sourceTree = "<group>"; };
		44CFDDF72B0B20CF0002ECAB /* DefineLens.entitlements */ = {isa = PBXFileReference; lastKnownFileType = text.plist.entitlements; path = DefineLens.entitlements; sourceTree = "<group>"; };
		44CFDDF92B0B20CF0002ECAB /* Preview Assets.xcassets */ = {isa = PBXFileReference; lastKnownFileType = folder.assetcatalog; path = "Preview Assets.xcassets"; sourceTree = "<group>"; };
		44CFDE022B0B2F490002ECAB /* DictionaryAPI.swift */ = {isa = PBXFileReference; lastKnownFileType = sourcecode.swift; path = DictionaryAPI.swift; sourceTree = "<group>"; };
		D6D7DE45FB7F83533E20F665 /* Pods_DefineLens.framework */ = {isa = PBXFileReference; explicitFileType = wrapper.framework; includeInIndex = 0; path = Pods_DefineLens.framework; sourceTree = BUILT_PRODUCTS_DIR; };
		E643AF240729B2FDED4DF536 /* Pods-DefineLens.debug.xcconfig */ = {isa = PBXFileReference; includeInIndex = 1; lastKnownFileType = text.xcconfig; name = "Pods-DefineLens.debug.xcconfig"; path = "Target Support Files/Pods-DefineLens/Pods-DefineLens.debug.xcconfig"; sourceTree = "<group>"; };
/* End PBXFileReference section */

/* Begin PBXFrameworksBuildPhase section */
		44CFDDEB2B0B20CE0002ECAB /* Frameworks */ = {
			isa = PBXFrameworksBuildPhase;
			buildActionMask = 2147483647;
			files = (
				AE82D58F2615756FEF8A0571 /* Pods_DefineLens.framework in Frameworks */,
			);
			runOnlyForDeploymentPostprocessing = 0;
		};
/* End PBXFrameworksBuildPhase section */

/* Begin PBXGroup section */
		44CFDDE52B0B20CE0002ECAB = {
			isa = PBXGroup;
			children = (
				44CFDDF02B0B20CE0002ECAB /* DefineLens */,
				44CFDDEF2B0B20CE0002ECAB /* Products */,
				9671131C26C72F7EE5636D98 /* Pods */,
				7387CBED78131FA4573BA776 /* Frameworks */,
			);
			sourceTree = "<group>";
		};
		44CFDDEF2B0B20CE0002ECAB /* Products */ = {
			isa = PBXGroup;
			children = (
				44CFDDEE2B0B20CE0002ECAB /* DefineLens.app */,
			);
			name = Products;
			sourceTree = "<group>";
		};
		44CFDDF02B0B20CE0002ECAB /* DefineLens */ = {
			isa = PBXGroup;
			children = (
				44CFDDF12B0B20CE0002ECAB /* DefineLensApp.swift */,
				44CFDDF32B0B20CE0002ECAB /* ContentView.swift */,
				44CFDDF52B0B20CF0002ECAB /* Assets.xcassets */,
				44CFDDF72B0B20CF0002ECAB /* DefineLens.entitlements */,
				44CFDDF82B0B20CF0002ECAB /* Preview Content */,
				44CFDE022B0B2F490002ECAB /* DictionaryAPI.swift */,
				4442BB602B0C8151007FCB91 /* DictionaryResponse.swift */,
				4459D7DD2B0D1AAC0029359E /* CrosshairView.swift */,
				442907EF2B0ECCAB0023D2C6 /* PhotoCameraManager.swift */,
				4465210C2B112D8100572586 /* MLPhotoCameraManager.swift */,
				442907F12B0ECE0E0023D2C6 /* DefinitionView.swift */,
				442907F32B0F05650023D2C6 /* CameraView.swift */,
				442907FF2B0F1C7D0023D2C6 /* PhotoTextRecognizer.swift */,
				4454ECF32B0FE62700AF3E3F /* VideoCameraManager.swift */,
				4454ECF52B0FE74B00AF3E3F /* TextRecognizer.swift */,
				4454ECF72B0FED8000AF3E3F /* VideoView.swift */,
				44B827F12B1030E60084CD09 /* WordDefinitionView.swift */,
				44A483682B10544900D68579 /* MLTextRecognizer.swift */,
				4465210A2B111FB900572586 /* ImageUtils.swift */,
				44590B902B113916000BB61F /* MLVideoCameraManager.swift */,
			);
			path = DefineLens;
			sourceTree = "<group>";
		};
		44CFDDF82B0B20CF0002ECAB /* Preview Content */ = {
			isa = PBXGroup;
			children = (
				44CFDDF92B0B20CF0002ECAB /* Preview Assets.xcassets */,
			);
			path = "Preview Content";
			sourceTree = "<group>";
		};
		7387CBED78131FA4573BA776 /* Frameworks */ = {
			isa = PBXGroup;
			children = (
				D6D7DE45FB7F83533E20F665 /* Pods_DefineLens.framework */,
			);
			name = Frameworks;
			sourceTree = "<group>";
		};
		9671131C26C72F7EE5636D98 /* Pods */ = {
			isa = PBXGroup;
			children = (
				E643AF240729B2FDED4DF536 /* Pods-DefineLens.debug.xcconfig */,
				28DC121A5540353666E4D4A3 /* Pods-DefineLens.release.xcconfig */,
			);
			path = Pods;
			sourceTree = "<group>";
		};
/* End PBXGroup section */

/* Begin PBXNativeTarget section */
		44CFDDED2B0B20CE0002ECAB /* DefineLens */ = {
			isa = PBXNativeTarget;
			buildConfigurationList = 44CFDDFD2B0B20CF0002ECAB /* Build configuration list for PBXNativeTarget "DefineLens" */;
			buildPhases = (
				182EC17C1AD4D6E61D8ACC23 /* [CP] Check Pods Manifest.lock */,
				44CFDDEA2B0B20CE0002ECAB /* Sources */,
				44CFDDEB2B0B20CE0002ECAB /* Frameworks */,
				44CFDDEC2B0B20CE0002ECAB /* Resources */,
				E4706A09D33EB15AA33B7AEA /* [CP] Embed Pods Frameworks */,
				5576E1B064463EBE03E5F2A3 /* [CP] Copy Pods Resources */,
			);
			buildRules = (
			);
			dependencies = (
			);
			name = DefineLens;
			productName = DefineLens;
			productReference = 44CFDDEE2B0B20CE0002ECAB /* DefineLens.app */;
			productType = "com.apple.product-type.application";
		};
/* End PBXNativeTarget section */

/* Begin PBXProject section */
		44CFDDE62B0B20CE0002ECAB /* Project object */ = {
			isa = PBXProject;
			attributes = {
				BuildIndependentTargetsInParallel = 1;
				LastSwiftUpdateCheck = 1500;
				LastUpgradeCheck = 1500;
				TargetAttributes = {
					44CFDDED2B0B20CE0002ECAB = {
						CreatedOnToolsVersion = 15.0.1;
					};
				};
			};
			buildConfigurationList = 44CFDDE92B0B20CE0002ECAB /* Build configuration list for PBXProject "DefineLens" */;
			compatibilityVersion = "Xcode 14.0";
			developmentRegion = en;
			hasScannedForEncodings = 0;
			knownRegions = (
				en,
				Base,
			);
			mainGroup = 44CFDDE52B0B20CE0002ECAB;
			productRefGroup = 44CFDDEF2B0B20CE0002ECAB /* Products */;
			projectDirPath = "";
			projectRoot = "";
			targets = (
				44CFDDED2B0B20CE0002ECAB /* DefineLens */,
			);
		};
/* End PBXProject section */

/* Begin PBXResourcesBuildPhase section */
		44CFDDEC2B0B20CE0002ECAB /* Resources */ = {
			isa = PBXResourcesBuildPhase;
			buildActionMask = 2147483647;
			files = (
				44CFDDFA2B0B20CF0002ECAB /* Preview Assets.xcassets in Resources */,
				44CFDDF62B0B20CF0002ECAB /* Assets.xcassets in Resources */,
			);
			runOnlyForDeploymentPostprocessing = 0;
		};
/* End PBXResourcesBuildPhase section */

/* Begin PBXShellScriptBuildPhase section */
		182EC17C1AD4D6E61D8ACC23 /* [CP] Check Pods Manifest.lock */ = {
			isa = PBXShellScriptBuildPhase;
			buildActionMask = 2147483647;
			files = (
			);
			inputFileListPaths = (
			);
			inputPaths = (
				"${PODS_PODFILE_DIR_PATH}/Podfile.lock",
				"${PODS_ROOT}/Manifest.lock",
			);
			name = "[CP] Check Pods Manifest.lock";
			outputFileListPaths = (
			);
			outputPaths = (
				"$(DERIVED_FILE_DIR)/Pods-DefineLens-checkManifestLockResult.txt",
			);
			runOnlyForDeploymentPostprocessing = 0;
			shellPath = /bin/sh;
			shellScript = "diff \"${PODS_PODFILE_DIR_PATH}/Podfile.lock\" \"${PODS_ROOT}/Manifest.lock\" > /dev/null\nif [ $? != 0 ] ; then\n    # print error to STDERR\n    echo \"error: The sandbox is not in sync with the Podfile.lock. Run 'pod install' or update your CocoaPods installation.\" >&2\n    exit 1\nfi\n# This output is used by Xcode 'outputs' to avoid re-running this script phase.\necho \"SUCCESS\" > \"${SCRIPT_OUTPUT_FILE_0}\"\n";
			showEnvVarsInLog = 0;
		};
		5576E1B064463EBE03E5F2A3 /* [CP] Copy Pods Resources */ = {
			isa = PBXShellScriptBuildPhase;
			buildActionMask = 2147483647;
			files = (
			);
			inputFileListPaths = (
				"${PODS_ROOT}/Target Support Files/Pods-DefineLens/Pods-DefineLens-resources-${CONFIGURATION}-input-files.xcfilelist",
			);
			name = "[CP] Copy Pods Resources";
			outputFileListPaths = (
				"${PODS_ROOT}/Target Support Files/Pods-DefineLens/Pods-DefineLens-resources-${CONFIGURATION}-output-files.xcfilelist",
			);
			runOnlyForDeploymentPostprocessing = 0;
			shellPath = /bin/sh;
			shellScript = "\"${PODS_ROOT}/Target Support Files/Pods-DefineLens/Pods-DefineLens-resources.sh\"\n";
			showEnvVarsInLog = 0;
		};
		E4706A09D33EB15AA33B7AEA /* [CP] Embed Pods Frameworks */ = {
			isa = PBXShellScriptBuildPhase;
			buildActionMask = 2147483647;
			files = (
			);
			inputFileListPaths = (
				"${PODS_ROOT}/Target Support Files/Pods-DefineLens/Pods-DefineLens-frameworks-${CONFIGURATION}-input-files.xcfilelist",
			);
			name = "[CP] Embed Pods Frameworks";
			outputFileListPaths = (
				"${PODS_ROOT}/Target Support Files/Pods-DefineLens/Pods-DefineLens-frameworks-${CONFIGURATION}-output-files.xcfilelist",
			);
			runOnlyForDeploymentPostprocessing = 0;
			shellPath = /bin/sh;
			shellScript = "\"${PODS_ROOT}/Target Support Files/Pods-DefineLens/Pods-DefineLens-frameworks.sh\"\n";
			showEnvVarsInLog = 0;
		};
/* End PBXShellScriptBuildPhase section */

/* Begin PBXSourcesBuildPhase section */
		44CFDDEA2B0B20CE0002ECAB /* Sources */ = {
			isa = PBXSourcesBuildPhase;
			buildActionMask = 2147483647;
			files = (
				44CFDDF42B0B20CE0002ECAB /* ContentView.swift in Sources */,
				442907F02B0ECCAB0023D2C6 /* PhotoCameraManager.swift in Sources */,
				44B827F22B1030E60084CD09 /* WordDefinitionView.swift in Sources */,
				442907F42B0F05650023D2C6 /* CameraView.swift in Sources */,
				44A483692B10544900D68579 /* MLTextRecognizer.swift in Sources */,
				44590B912B113916000BB61F /* MLVideoCameraManager.swift in Sources */,
				44CFDE032B0B2F490002ECAB /* DictionaryAPI.swift in Sources */,
				4454ECF82B0FED8000AF3E3F /* VideoView.swift in Sources */,
				4442BB612B0C8151007FCB91 /* DictionaryResponse.swift in Sources */,
				4465210B2B111FB900572586 /* ImageUtils.swift in Sources */,
				4454ECF42B0FE62700AF3E3F /* VideoCameraManager.swift in Sources */,
				442907F22B0ECE0E0023D2C6 /* DefinitionView.swift in Sources */,
				44CFDDF22B0B20CE0002ECAB /* DefineLensApp.swift in Sources */,
				4465210D2B112D8100572586 /* MLPhotoCameraManager.swift in Sources */,
				4459D7DE2B0D1AAC0029359E /* CrosshairView.swift in Sources */,
				4454ECF62B0FE74B00AF3E3F /* TextRecognizer.swift in Sources */,
				442908002B0F1C7D0023D2C6 /* PhotoTextRecognizer.swift in Sources */,
			);
			runOnlyForDeploymentPostprocessing = 0;
		};
/* End PBXSourcesBuildPhase section */

/* Begin XCBuildConfiguration section */
		44CFDDFB2B0B20CF0002ECAB /* Debug */ = {
			isa = XCBuildConfiguration;
			buildSettings = {
				ALWAYS_SEARCH_USER_PATHS = NO;
				ASSETCATALOG_COMPILER_GENERATE_SWIFT_ASSET_SYMBOL_EXTENSIONS = YES;
				CLANG_ANALYZER_NONNULL = YES;
				CLANG_ANALYZER_NUMBER_OBJECT_CONVERSION = YES_AGGRESSIVE;
				CLANG_CXX_LANGUAGE_STANDARD = "gnu++20";
				CLANG_ENABLE_MODULES = YES;
				CLANG_ENABLE_OBJC_ARC = YES;
				CLANG_ENABLE_OBJC_WEAK = YES;
				CLANG_WARN_BLOCK_CAPTURE_AUTORELEASING = YES;
				CLANG_WARN_BOOL_CONVERSION = YES;
				CLANG_WARN_COMMA = YES;
				CLANG_WARN_CONSTANT_CONVERSION = YES;
				CLANG_WARN_DEPRECATED_OBJC_IMPLEMENTATIONS = YES;
				CLANG_WARN_DIRECT_OBJC_ISA_USAGE = YES_ERROR;
				CLANG_WARN_DOCUMENTATION_COMMENTS = YES;
				CLANG_WARN_EMPTY_BODY = YES;
				CLANG_WARN_ENUM_CONVERSION = YES;
				CLANG_WARN_INFINITE_RECURSION = YES;
				CLANG_WARN_INT_CONVERSION = YES;
				CLANG_WARN_NON_LITERAL_NULL_CONVERSION = YES;
				CLANG_WARN_OBJC_IMPLICIT_RETAIN_SELF = YES;
				CLANG_WARN_OBJC_LITERAL_CONVERSION = YES;
				CLANG_WARN_OBJC_ROOT_CLASS = YES_ERROR;
				CLANG_WARN_QUOTED_INCLUDE_IN_FRAMEWORK_HEADER = YES;
				CLANG_WARN_RANGE_LOOP_ANALYSIS = YES;
				CLANG_WARN_STRICT_PROTOTYPES = YES;
				CLANG_WARN_SUSPICIOUS_MOVE = YES;
				CLANG_WARN_UNGUARDED_AVAILABILITY = YES_AGGRESSIVE;
				CLANG_WARN_UNREACHABLE_CODE = YES;
				CLANG_WARN__DUPLICATE_METHOD_MATCH = YES;
				COPY_PHASE_STRIP = NO;
				DEBUG_INFORMATION_FORMAT = dwarf;
				ENABLE_STRICT_OBJC_MSGSEND = YES;
				ENABLE_TESTABILITY = YES;
				ENABLE_USER_SCRIPT_SANDBOXING = YES;
				GCC_C_LANGUAGE_STANDARD = gnu17;
				GCC_DYNAMIC_NO_PIC = NO;
				GCC_NO_COMMON_BLOCKS = YES;
				GCC_OPTIMIZATION_LEVEL = 0;
				GCC_PREPROCESSOR_DEFINITIONS = (
					"DEBUG=1",
					"$(inherited)",
				);
				GCC_WARN_64_TO_32_BIT_CONVERSION = YES;
				GCC_WARN_ABOUT_RETURN_TYPE = YES_ERROR;
				GCC_WARN_UNDECLARED_SELECTOR = YES;
				GCC_WARN_UNINITIALIZED_AUTOS = YES_AGGRESSIVE;
				GCC_WARN_UNUSED_FUNCTION = YES;
				GCC_WARN_UNUSED_VARIABLE = YES;
				LOCALIZATION_PREFERS_STRING_CATALOGS = YES;
				MTL_ENABLE_DEBUG_INFO = INCLUDE_SOURCE;
				MTL_FAST_MATH = YES;
				ONLY_ACTIVE_ARCH = YES;
				SWIFT_ACTIVE_COMPILATION_CONDITIONS = "DEBUG $(inherited)";
				SWIFT_OPTIMIZATION_LEVEL = "-Onone";
			};
			name = Debug;
		};
		44CFDDFC2B0B20CF0002ECAB /* Release */ = {
			isa = XCBuildConfiguration;
			buildSettings = {
				ALWAYS_SEARCH_USER_PATHS = NO;
				ASSETCATALOG_COMPILER_GENERATE_SWIFT_ASSET_SYMBOL_EXTENSIONS = YES;
				CLANG_ANALYZER_NONNULL = YES;
				CLANG_ANALYZER_NUMBER_OBJECT_CONVERSION = YES_AGGRESSIVE;
				CLANG_CXX_LANGUAGE_STANDARD = "gnu++20";
				CLANG_ENABLE_MODULES = YES;
				CLANG_ENABLE_OBJC_ARC = YES;
				CLANG_ENABLE_OBJC_WEAK = YES;
				CLANG_WARN_BLOCK_CAPTURE_AUTORELEASING = YES;
				CLANG_WARN_BOOL_CONVERSION = YES;
				CLANG_WARN_COMMA = YES;
				CLANG_WARN_CONSTANT_CONVERSION = YES;
				CLANG_WARN_DEPRECATED_OBJC_IMPLEMENTATIONS = YES;
				CLANG_WARN_DIRECT_OBJC_ISA_USAGE = YES_ERROR;
				CLANG_WARN_DOCUMENTATION_COMMENTS = YES;
				CLANG_WARN_EMPTY_BODY = YES;
				CLANG_WARN_ENUM_CONVERSION = YES;
				CLANG_WARN_INFINITE_RECURSION = YES;
				CLANG_WARN_INT_CONVERSION = YES;
				CLANG_WARN_NON_LITERAL_NULL_CONVERSION = YES;
				CLANG_WARN_OBJC_IMPLICIT_RETAIN_SELF = YES;
				CLANG_WARN_OBJC_LITERAL_CONVERSION = YES;
				CLANG_WARN_OBJC_ROOT_CLASS = YES_ERROR;
				CLANG_WARN_QUOTED_INCLUDE_IN_FRAMEWORK_HEADER = YES;
				CLANG_WARN_RANGE_LOOP_ANALYSIS = YES;
				CLANG_WARN_STRICT_PROTOTYPES = YES;
				CLANG_WARN_SUSPICIOUS_MOVE = YES;
				CLANG_WARN_UNGUARDED_AVAILABILITY = YES_AGGRESSIVE;
				CLANG_WARN_UNREACHABLE_CODE = YES;
				CLANG_WARN__DUPLICATE_METHOD_MATCH = YES;
				COPY_PHASE_STRIP = NO;
				DEBUG_INFORMATION_FORMAT = "dwarf-with-dsym";
				ENABLE_NS_ASSERTIONS = NO;
				ENABLE_STRICT_OBJC_MSGSEND = YES;
				ENABLE_USER_SCRIPT_SANDBOXING = YES;
				GCC_C_LANGUAGE_STANDARD = gnu17;
				GCC_NO_COMMON_BLOCKS = YES;
				GCC_WARN_64_TO_32_BIT_CONVERSION = YES;
				GCC_WARN_ABOUT_RETURN_TYPE = YES_ERROR;
				GCC_WARN_UNDECLARED_SELECTOR = YES;
				GCC_WARN_UNINITIALIZED_AUTOS = YES_AGGRESSIVE;
				GCC_WARN_UNUSED_FUNCTION = YES;
				GCC_WARN_UNUSED_VARIABLE = YES;
				LOCALIZATION_PREFERS_STRING_CATALOGS = YES;
				MTL_ENABLE_DEBUG_INFO = NO;
				MTL_FAST_MATH = YES;
				SWIFT_COMPILATION_MODE = wholemodule;
			};
			name = Release;
		};
		44CFDDFE2B0B20CF0002ECAB /* Debug */ = {
			isa = XCBuildConfiguration;
			baseConfigurationReference = E643AF240729B2FDED4DF536 /* Pods-DefineLens.debug.xcconfig */;
			buildSettings = {
				ASSETCATALOG_COMPILER_APPICON_NAME = AppIcon;
				ASSETCATALOG_COMPILER_GLOBAL_ACCENT_COLOR_NAME = AccentColor;
				CODE_SIGN_ENTITLEMENTS = DefineLens/DefineLens.entitlements;
				CODE_SIGN_STYLE = Automatic;
				CURRENT_PROJECT_VERSION = 1;
				DEVELOPMENT_ASSET_PATHS = "\"DefineLens/Preview Content\"";
				DEVELOPMENT_TEAM = N8YQ243JP7;
				ENABLE_HARDENED_RUNTIME = YES;
				ENABLE_PREVIEWS = YES;
				ENABLE_USER_SCRIPT_SANDBOXING = NO;
				GENERATE_INFOPLIST_FILE = YES;
				INFOPLIST_KEY_LSApplicationCategoryType = "";
				INFOPLIST_KEY_NSCameraUsageDescription = "Camera access needed to recognize the words";
				INFOPLIST_KEY_NSPhotoLibraryAddUsageDescription = "Your app uses the photo library to save debugging images for OCR processing.";
				"INFOPLIST_KEY_UIApplicationSceneManifest_Generation[sdk=iphoneos*]" = YES;
				"INFOPLIST_KEY_UIApplicationSceneManifest_Generation[sdk=iphonesimulator*]" = YES;
				"INFOPLIST_KEY_UIApplicationSupportsIndirectInputEvents[sdk=iphoneos*]" = YES;
				"INFOPLIST_KEY_UIApplicationSupportsIndirectInputEvents[sdk=iphonesimulator*]" = YES;
				"INFOPLIST_KEY_UILaunchScreen_Generation[sdk=iphoneos*]" = YES;
				"INFOPLIST_KEY_UILaunchScreen_Generation[sdk=iphonesimulator*]" = YES;
				"INFOPLIST_KEY_UIStatusBarStyle[sdk=iphoneos*]" = UIStatusBarStyleDefault;
				"INFOPLIST_KEY_UIStatusBarStyle[sdk=iphonesimulator*]" = UIStatusBarStyleDefault;
				INFOPLIST_KEY_UISupportedInterfaceOrientations = UIInterfaceOrientationPortrait;
				IPHONEOS_DEPLOYMENT_TARGET = 16.0;
				LD_RUNPATH_SEARCH_PATHS = "@executable_path/Frameworks";
				"LD_RUNPATH_SEARCH_PATHS[sdk=macosx*]" = "@executable_path/../Frameworks";
				MACOSX_DEPLOYMENT_TARGET = 13.0;
				MARKETING_VERSION = 1.0;
				PRODUCT_BUNDLE_IDENTIFIER = com.saisandeepvaddi.DefineLens;
				PRODUCT_NAME = "$(TARGET_NAME)";
				SDKROOT = auto;
				SUPPORTED_PLATFORMS = "iphoneos iphonesimulator";
				SUPPORTS_MACCATALYST = NO;
				SWIFT_EMIT_LOC_STRINGS = YES;
				SWIFT_VERSION = 5.0;
				TARGETED_DEVICE_FAMILY = "1,2";
			};
			name = Debug;
		};
		44CFDDFF2B0B20CF0002ECAB /* Release */ = {
			isa = XCBuildConfiguration;
			baseConfigurationReference = 28DC121A5540353666E4D4A3 /* Pods-DefineLens.release.xcconfig */;
			buildSettings = {
				ASSETCATALOG_COMPILER_APPICON_NAME = AppIcon;
				ASSETCATALOG_COMPILER_GLOBAL_ACCENT_COLOR_NAME = AccentColor;
				CODE_SIGN_ENTITLEMENTS = DefineLens/DefineLens.entitlements;
				CODE_SIGN_STYLE = Automatic;
				CURRENT_PROJECT_VERSION = 1;
				DEVELOPMENT_ASSET_PATHS = "\"DefineLens/Preview Content\"";
				DEVELOPMENT_TEAM = N8YQ243JP7;
				ENABLE_HARDENED_RUNTIME = YES;
				ENABLE_PREVIEWS = YES;
				ENABLE_USER_SCRIPT_SANDBOXING = NO;
				GENERATE_INFOPLIST_FILE = YES;
				INFOPLIST_KEY_LSApplicationCategoryType = "";
				INFOPLIST_KEY_NSCameraUsageDescription = "Camera access needed to recognize the words";
				INFOPLIST_KEY_NSPhotoLibraryAddUsageDescription = "Your app uses the photo library to save debugging images for OCR processing.";
				"INFOPLIST_KEY_UIApplicationSceneManifest_Generation[sdk=iphoneos*]" = YES;
				"INFOPLIST_KEY_UIApplicationSceneManifest_Generation[sdk=iphonesimulator*]" = YES;
				"INFOPLIST_KEY_UIApplicationSupportsIndirectInputEvents[sdk=iphoneos*]" = YES;
				"INFOPLIST_KEY_UIApplicationSupportsIndirectInputEvents[sdk=iphonesimulator*]" = YES;
				"INFOPLIST_KEY_UILaunchScreen_Generation[sdk=iphoneos*]" = YES;
				"INFOPLIST_KEY_UILaunchScreen_Generation[sdk=iphonesimulator*]" = YES;
				"INFOPLIST_KEY_UIStatusBarStyle[sdk=iphoneos*]" = UIStatusBarStyleDefault;
				"INFOPLIST_KEY_UIStatusBarStyle[sdk=iphonesimulator*]" = UIStatusBarStyleDefault;
				INFOPLIST_KEY_UISupportedInterfaceOrientations = UIInterfaceOrientationPortrait;
				IPHONEOS_DEPLOYMENT_TARGET = 16.0;
				LD_RUNPATH_SEARCH_PATHS = "@executable_path/Frameworks";
				"LD_RUNPATH_SEARCH_PATHS[sdk=macosx*]" = "@executable_path/../Frameworks";
				MACOSX_DEPLOYMENT_TARGET = 13.0;
				MARKETING_VERSION = 1.0;
				PRODUCT_BUNDLE_IDENTIFIER = com.saisandeepvaddi.DefineLens;
				PRODUCT_NAME = "$(TARGET_NAME)";
				SDKROOT = auto;
				SUPPORTED_PLATFORMS = "iphoneos iphonesimulator";
				SUPPORTS_MACCATALYST = NO;
				SWIFT_EMIT_LOC_STRINGS = YES;
				SWIFT_VERSION = 5.0;
				TARGETED_DEVICE_FAMILY = "1,2";
			};
			name = Release;
		};
/* End XCBuildConfiguration section */

/* Begin XCConfigurationList section */
		44CFDDE92B0B20CE0002ECAB /* Build configuration list for PBXProject "DefineLens" */ = {
			isa = XCConfigurationList;
			buildConfigurations = (
				44CFDDFB2B0B20CF0002ECAB /* Debug */,
				44CFDDFC2B0B20CF0002ECAB /* Release */,
			);
			defaultConfigurationIsVisible = 0;
			defaultConfigurationName = Release;
		};
		44CFDDFD2B0B20CF0002ECAB /* Build configuration list for PBXNativeTarget "DefineLens" */ = {
			isa = XCConfigurationList;
			buildConfigurations = (
				44CFDDFE2B0B20CF0002ECAB /* Debug */,
				44CFDDFF2B0B20CF0002ECAB /* Release */,
			);
			defaultConfigurationIsVisible = 0;
			defaultConfigurationName = Release;
		};
/* End XCConfigurationList section */
	};
	rootObject = 44CFDDE62B0B20CE0002ECAB /* Project object */;
}
