// !$*UTF8*$!
{
	archiveVersion = 1;
	classes = {
	};
	objectVersion = 56;
	objects = {

/* Begin PBXBuildFile section */
		442907F22B0ECE0E0023D2C6 /* DefinitionView.swift in Sources */ = {isa = PBXBuildFile; fileRef = 442907F12B0ECE0E0023D2C6 /* DefinitionView.swift */; };
		4442BB612B0C8151007FCB91 /* DictionaryResponse.swift in Sources */ = {isa = PBXBuildFile; fileRef = 4442BB602B0C8151007FCB91 /* DictionaryResponse.swift */; };
		44B827F22B1030E60084CD09 /* WordDefinitionView.swift in Sources */ = {isa = PBXBuildFile; fileRef = 44B827F12B1030E60084CD09 /* WordDefinitionView.swift */; };
		44CFDDF22B0B20CE0002ECAB /* Main.swift in Sources */ = {isa = PBXBuildFile; fileRef = 44CFDDF12B0B20CE0002ECAB /* Main.swift */; };
		44CFDDF62B0B20CF0002ECAB /* Assets.xcassets in Resources */ = {isa = PBXBuildFile; fileRef = 44CFDDF52B0B20CF0002ECAB /* Assets.xcassets */; };
		44CFDDFA2B0B20CF0002ECAB /* Preview Assets.xcassets in Resources */ = {isa = PBXBuildFile; fileRef = 44CFDDF92B0B20CF0002ECAB /* Preview Assets.xcassets */; };
		44CFDE032B0B2F490002ECAB /* DictionaryAPI.swift in Sources */ = {isa = PBXBuildFile; fileRef = 44CFDE022B0B2F490002ECAB /* DictionaryAPI.swift */; };
		44CFDE052B0B2FDA0002ECAB /* WordDefinitionCache.swift in Sources */ = {isa = PBXBuildFile; fileRef = 44CFDE042B0B2FDA0002ECAB /* WordDefinitionCache.swift */; };
		44E15A6C2B13E27E00759A2B /* GeometryUtils.swift in Sources */ = {isa = PBXBuildFile; fileRef = 44E15A6B2B13E27E00759A2B /* GeometryUtils.swift */; };
		44E15A6F2B14147900759A2B /* SettingsView.swift in Sources */ = {isa = PBXBuildFile; fileRef = 44E15A6E2B14147900759A2B /* SettingsView.swift */; };
		44F0D80E2B12F9760052BC2C /* CameraManager.swift in Sources */ = {isa = PBXBuildFile; fileRef = 44F0D80D2B12F9760052BC2C /* CameraManager.swift */; };
		44F0D8102B12FA700052BC2C /* ContentView.swift in Sources */ = {isa = PBXBuildFile; fileRef = 44F0D80F2B12FA700052BC2C /* ContentView.swift */; };
		44F0D8122B12FAB70052BC2C /* CameraPreview.swift in Sources */ = {isa = PBXBuildFile; fileRef = 44F0D8112B12FAB70052BC2C /* CameraPreview.swift */; };
		44F0D8142B12FDFE0052BC2C /* BoundingBoxesView.swift in Sources */ = {isa = PBXBuildFile; fileRef = 44F0D8132B12FDFE0052BC2C /* BoundingBoxesView.swift */; };
		44F0D8162B1312EA0052BC2C /* AppState.swift in Sources */ = {isa = PBXBuildFile; fileRef = 44F0D8152B1312EA0052BC2C /* AppState.swift */; };
/* End PBXBuildFile section */

/* Begin PBXFileReference section */
		442907F12B0ECE0E0023D2C6 /* DefinitionView.swift */ = {isa = PBXFileReference; lastKnownFileType = sourcecode.swift; path = DefinitionView.swift; sourceTree = "<group>"; };
		4442BB602B0C8151007FCB91 /* DictionaryResponse.swift */ = {isa = PBXFileReference; lastKnownFileType = sourcecode.swift; path = DictionaryResponse.swift; sourceTree = "<group>"; };
		44B827F12B1030E60084CD09 /* WordDefinitionView.swift */ = {isa = PBXFileReference; lastKnownFileType = sourcecode.swift; path = WordDefinitionView.swift; sourceTree = "<group>"; };
		44CFDDEE2B0B20CE0002ECAB /* DefineLens.app */ = {isa = PBXFileReference; explicitFileType = wrapper.application; includeInIndex = 0; path = DefineLens.app; sourceTree = BUILT_PRODUCTS_DIR; };
		44CFDDF12B0B20CE0002ECAB /* Main.swift */ = {isa = PBXFileReference; lastKnownFileType = sourcecode.swift; path = Main.swift; sourceTree = "<group>"; };
		44CFDDF52B0B20CF0002ECAB /* Assets.xcassets */ = {isa = PBXFileReference; lastKnownFileType = folder.assetcatalog; path = Assets.xcassets; sourceTree = "<group>"; };
		44CFDDF72B0B20CF0002ECAB /* DefineLens.entitlements */ = {isa = PBXFileReference; lastKnownFileType = text.plist.entitlements; path = DefineLens.entitlements; sourceTree = "<group>"; };
		44CFDDF92B0B20CF0002ECAB /* Preview Assets.xcassets */ = {isa = PBXFileReference; lastKnownFileType = folder.assetcatalog; path = "Preview Assets.xcassets"; sourceTree = "<group>"; };
		44CFDE022B0B2F490002ECAB /* DictionaryAPI.swift */ = {isa = PBXFileReference; lastKnownFileType = sourcecode.swift; path = DictionaryAPI.swift; sourceTree = "<group>"; };
		44CFDE042B0B2FDA0002ECAB /* WordDefinitionCache.swift */ = {isa = PBXFileReference; lastKnownFileType = sourcecode.swift; path = WordDefinitionCache.swift; sourceTree = "<group>"; };
		44E15A6B2B13E27E00759A2B /* GeometryUtils.swift */ = {isa = PBXFileReference; lastKnownFileType = sourcecode.swift; path = GeometryUtils.swift; sourceTree = "<group>"; };
		44E15A6E2B14147900759A2B /* SettingsView.swift */ = {isa = PBXFileReference; lastKnownFileType = sourcecode.swift; path = SettingsView.swift; sourceTree = "<group>"; };
		44F0D80D2B12F9760052BC2C /* CameraManager.swift */ = {isa = PBXFileReference; lastKnownFileType = sourcecode.swift; path = CameraManager.swift; sourceTree = "<group>"; };
		44F0D80F2B12FA700052BC2C /* ContentView.swift */ = {isa = PBXFileReference; lastKnownFileType = sourcecode.swift; path = ContentView.swift; sourceTree = "<group>"; };
		44F0D8112B12FAB70052BC2C /* CameraPreview.swift */ = {isa = PBXFileReference; lastKnownFileType = sourcecode.swift; path = CameraPreview.swift; sourceTree = "<group>"; };
		44F0D8132B12FDFE0052BC2C /* BoundingBoxesView.swift */ = {isa = PBXFileReference; lastKnownFileType = sourcecode.swift; path = BoundingBoxesView.swift; sourceTree = "<group>"; };
		44F0D8152B1312EA0052BC2C /* AppState.swift */ = {isa = PBXFileReference; lastKnownFileType = sourcecode.swift; path = AppState.swift; sourceTree = "<group>"; };
/* End PBXFileReference section */

/* Begin PBXFrameworksBuildPhase section */
		44CFDDEB2B0B20CE0002ECAB /* Frameworks */ = {
			isa = PBXFrameworksBuildPhase;
			buildActionMask = 2147483647;
			files = (
			);
			runOnlyForDeploymentPostprocessing = 0;
		};
/* End PBXFrameworksBuildPhase section */

/* Begin PBXGroup section */
		44CFDDE52B0B20CE0002ECAB = {
			isa = PBXGroup;
			children = (
				44CFDDF02B0B20CE0002ECAB /* DefineLens */,
				44CFDDEF2B0B20CE0002ECAB /* Products */,
			);
			sourceTree = "<group>";
		};
		44CFDDEF2B0B20CE0002ECAB /* Products */ = {
			isa = PBXGroup;
			children = (
				44CFDDEE2B0B20CE0002ECAB /* DefineLens.app */,
			);
			name = Products;
			sourceTree = "<group>";
		};
		44CFDDF02B0B20CE0002ECAB /* DefineLens */ = {
			isa = PBXGroup;
			children = (
				44E15A6D2B14146C00759A2B /* Settings */,
				44E15A6A2B13E26500759A2B /* Utils */,
				44E15A692B13E25600759A2B /* Data */,
				44E15A682B13E23E00759A2B /* Dictionary */,
				44E15A672B13E20F00759A2B /* Camera */,
				44CFDDF12B0B20CE0002ECAB /* Main.swift */,
				44CFDDF52B0B20CF0002ECAB /* Assets.xcassets */,
				44CFDDF72B0B20CF0002ECAB /* DefineLens.entitlements */,
				44CFDDF82B0B20CF0002ECAB /* Preview Content */,
				44F0D80F2B12FA700052BC2C /* ContentView.swift */,
			);
			path = DefineLens;
			sourceTree = "<group>";
		};
		44CFDDF82B0B20CF0002ECAB /* Preview Content */ = {
			isa = PBXGroup;
			children = (
				44CFDDF92B0B20CF0002ECAB /* Preview Assets.xcassets */,
			);
			path = "Preview Content";
			sourceTree = "<group>";
		};
		44E15A672B13E20F00759A2B /* Camera */ = {
			isa = PBXGroup;
			children = (
				44F0D8112B12FAB70052BC2C /* CameraPreview.swift */,
				44F0D8132B12FDFE0052BC2C /* BoundingBoxesView.swift */,
				44F0D80D2B12F9760052BC2C /* CameraManager.swift */,
			);
			path = Camera;
			sourceTree = "<group>";
		};
		44E15A682B13E23E00759A2B /* Dictionary */ = {
			isa = PBXGroup;
			children = (
				4442BB602B0C8151007FCB91 /* DictionaryResponse.swift */,
				44CFDE022B0B2F490002ECAB /* DictionaryAPI.swift */,
				44CFDE042B0B2FDA0002ECAB /* WordDefinitionCache.swift */,
				44B827F12B1030E60084CD09 /* WordDefinitionView.swift */,
				442907F12B0ECE0E0023D2C6 /* DefinitionView.swift */,
			);
			path = Dictionary;
			sourceTree = "<group>";
		};
		44E15A692B13E25600759A2B /* Data */ = {
			isa = PBXGroup;
			children = (
				44F0D8152B1312EA0052BC2C /* AppState.swift */,
			);
			path = Data;
			sourceTree = "<group>";
		};
		44E15A6A2B13E26500759A2B /* Utils */ = {
			isa = PBXGroup;
			children = (
				44E15A6B2B13E27E00759A2B /* GeometryUtils.swift */,
			);
			path = Utils;
			sourceTree = "<group>";
		};
		44E15A6D2B14146C00759A2B /* Settings */ = {
			isa = PBXGroup;
			children = (
				44E15A6E2B14147900759A2B /* SettingsView.swift */,
			);
			path = Settings;
			sourceTree = "<group>";
		};
/* End PBXGroup section */

/* Begin PBXNativeTarget section */
		44CFDDED2B0B20CE0002ECAB /* DefineLens */ = {
			isa = PBXNativeTarget;
			buildConfigurationList = 44CFDDFD2B0B20CF0002ECAB /* Build configuration list for PBXNativeTarget "DefineLens" */;
			buildPhases = (
				44CFDDEA2B0B20CE0002ECAB /* Sources */,
				44CFDDEB2B0B20CE0002ECAB /* Frameworks */,
				44CFDDEC2B0B20CE0002ECAB /* Resources */,
			);
			buildRules = (
			);
			dependencies = (
			);
			name = DefineLens;
			productName = DefineLens;
			productReference = 44CFDDEE2B0B20CE0002ECAB /* DefineLens.app */;
			productType = "com.apple.product-type.application";
		};
/* End PBXNativeTarget section */

/* Begin PBXProject section */
		44CFDDE62B0B20CE0002ECAB /* Project object */ = {
			isa = PBXProject;
			attributes = {
				BuildIndependentTargetsInParallel = 1;
				LastSwiftUpdateCheck = 1500;
				LastUpgradeCheck = 1500;
				TargetAttributes = {
					44CFDDED2B0B20CE0002ECAB = {
						CreatedOnToolsVersion = 15.0.1;
					};
				};
			};
			buildConfigurationList = 44CFDDE92B0B20CE0002ECAB /* Build configuration list for PBXProject "DefineLens" */;
			compatibilityVersion = "Xcode 14.0";
			developmentRegion = en;
			hasScannedForEncodings = 0;
			knownRegions = (
				en,
				Base,
			);
			mainGroup = 44CFDDE52B0B20CE0002ECAB;
			productRefGroup = 44CFDDEF2B0B20CE0002ECAB /* Products */;
			projectDirPath = "";
			projectRoot = "";
			targets = (
				44CFDDED2B0B20CE0002ECAB /* DefineLens */,
			);
		};
/* End PBXProject section */

/* Begin PBXResourcesBuildPhase section */
		44CFDDEC2B0B20CE0002ECAB /* Resources */ = {
			isa = PBXResourcesBuildPhase;
			buildActionMask = 2147483647;
			files = (
				44CFDDFA2B0B20CF0002ECAB /* Preview Assets.xcassets in Resources */,
				44CFDDF62B0B20CF0002ECAB /* Assets.xcassets in Resources */,
			);
			runOnlyForDeploymentPostprocessing = 0;
		};
/* End PBXResourcesBuildPhase section */

/* Begin PBXSourcesBuildPhase section */
		44CFDDEA2B0B20CE0002ECAB /* Sources */ = {
			isa = PBXSourcesBuildPhase;
			buildActionMask = 2147483647;
			files = (
				44F0D8162B1312EA0052BC2C /* AppState.swift in Sources */,
				44F0D8102B12FA700052BC2C /* ContentView.swift in Sources */,
				44B827F22B1030E60084CD09 /* WordDefinitionView.swift in Sources */,
				44E15A6C2B13E27E00759A2B /* GeometryUtils.swift in Sources */,
				44F0D80E2B12F9760052BC2C /* CameraManager.swift in Sources */,
				44CFDE032B0B2F490002ECAB /* DictionaryAPI.swift in Sources */,
				44CFDE052B0B2FDA0002ECAB /* WordDefinitionCache.swift in Sources */,
				44F0D8142B12FDFE0052BC2C /* BoundingBoxesView.swift in Sources */,
				4442BB612B0C8151007FCB91 /* DictionaryResponse.swift in Sources */,
				44F0D8122B12FAB70052BC2C /* CameraPreview.swift in Sources */,
				442907F22B0ECE0E0023D2C6 /* DefinitionView.swift in Sources */,
				44CFDDF22B0B20CE0002ECAB /* Main.swift in Sources */,
				44E15A6F2B14147900759A2B /* SettingsView.swift in Sources */,
			);
			runOnlyForDeploymentPostprocessing = 0;
		};
/* End PBXSourcesBuildPhase section */

/* Begin XCBuildConfiguration section */
		44CFDDFB2B0B20CF0002ECAB /* Debug */ = {
			isa = XCBuildConfiguration;
			buildSettings = {
				ALWAYS_SEARCH_USER_PATHS = NO;
				ASSETCATALOG_COMPILER_GENERATE_SWIFT_ASSET_SYMBOL_EXTENSIONS = YES;
				CLANG_ANALYZER_NONNULL = YES;
				CLANG_ANALYZER_NUMBER_OBJECT_CONVERSION = YES_AGGRESSIVE;
				CLANG_CXX_LANGUAGE_STANDARD = "gnu++20";
				CLANG_ENABLE_MODULES = YES;
				CLANG_ENABLE_OBJC_ARC = YES;
				CLANG_ENABLE_OBJC_WEAK = YES;
				CLANG_WARN_BLOCK_CAPTURE_AUTORELEASING = YES;
				CLANG_WARN_BOOL_CONVERSION = YES;
				CLANG_WARN_COMMA = YES;
				CLANG_WARN_CONSTANT_CONVERSION = YES;
				CLANG_WARN_DEPRECATED_OBJC_IMPLEMENTATIONS = YES;
				CLANG_WARN_DIRECT_OBJC_ISA_USAGE = YES_ERROR;
				CLANG_WARN_DOCUMENTATION_COMMENTS = YES;
				CLANG_WARN_EMPTY_BODY = YES;
				CLANG_WARN_ENUM_CONVERSION = YES;
				CLANG_WARN_INFINITE_RECURSION = YES;
				CLANG_WARN_INT_CONVERSION = YES;
				CLANG_WARN_NON_LITERAL_NULL_CONVERSION = YES;
				CLANG_WARN_OBJC_IMPLICIT_RETAIN_SELF = YES;
				CLANG_WARN_OBJC_LITERAL_CONVERSION = YES;
				CLANG_WARN_OBJC_ROOT_CLASS = YES_ERROR;
				CLANG_WARN_QUOTED_INCLUDE_IN_FRAMEWORK_HEADER = YES;
				CLANG_WARN_RANGE_LOOP_ANALYSIS = YES;
				CLANG_WARN_STRICT_PROTOTYPES = YES;
				CLANG_WARN_SUSPICIOUS_MOVE = YES;
				CLANG_WARN_UNGUARDED_AVAILABILITY = YES_AGGRESSIVE;
				CLANG_WARN_UNREACHABLE_CODE = YES;
				CLANG_WARN__DUPLICATE_METHOD_MATCH = YES;
				COPY_PHASE_STRIP = NO;
				DEBUG_INFORMATION_FORMAT = dwarf;
				ENABLE_STRICT_OBJC_MSGSEND = YES;
				ENABLE_TESTABILITY = YES;
				ENABLE_USER_SCRIPT_SANDBOXING = YES;
				GCC_C_LANGUAGE_STANDARD = gnu17;
				GCC_DYNAMIC_NO_PIC = NO;
				GCC_NO_COMMON_BLOCKS = YES;
				GCC_OPTIMIZATION_LEVEL = 0;
				GCC_PREPROCESSOR_DEFINITIONS = (
					"DEBUG=1",
					"$(inherited)",
				);
				GCC_WARN_64_TO_32_BIT_CONVERSION = YES;
				GCC_WARN_ABOUT_RETURN_TYPE = YES_ERROR;
				GCC_WARN_UNDECLARED_SELECTOR = YES;
				GCC_WARN_UNINITIALIZED_AUTOS = YES_AGGRESSIVE;
				GCC_WARN_UNUSED_FUNCTION = YES;
				GCC_WARN_UNUSED_VARIABLE = YES;
				LOCALIZATION_PREFERS_STRING_CATALOGS = YES;
				MTL_ENABLE_DEBUG_INFO = INCLUDE_SOURCE;
				MTL_FAST_MATH = YES;
				ONLY_ACTIVE_ARCH = YES;
				SWIFT_ACTIVE_COMPILATION_CONDITIONS = "DEBUG $(inherited)";
				SWIFT_OPTIMIZATION_LEVEL = "-Onone";
			};
			name = Debug;
		};
		44CFDDFC2B0B20CF0002ECAB /* Release */ = {
			isa = XCBuildConfiguration;
			buildSettings = {
				ALWAYS_SEARCH_USER_PATHS = NO;
				ASSETCATALOG_COMPILER_GENERATE_SWIFT_ASSET_SYMBOL_EXTENSIONS = YES;
				CLANG_ANALYZER_NONNULL = YES;
				CLANG_ANALYZER_NUMBER_OBJECT_CONVERSION = YES_AGGRESSIVE;
				CLANG_CXX_LANGUAGE_STANDARD = "gnu++20";
				CLANG_ENABLE_MODULES = YES;
				CLANG_ENABLE_OBJC_ARC = YES;
				CLANG_ENABLE_OBJC_WEAK = YES;
				CLANG_WARN_BLOCK_CAPTURE_AUTORELEASING = YES;
				CLANG_WARN_BOOL_CONVERSION = YES;
				CLANG_WARN_COMMA = YES;
				CLANG_WARN_CONSTANT_CONVERSION = YES;
				CLANG_WARN_DEPRECATED_OBJC_IMPLEMENTATIONS = YES;
				CLANG_WARN_DIRECT_OBJC_ISA_USAGE = YES_ERROR;
				CLANG_WARN_DOCUMENTATION_COMMENTS = YES;
				CLANG_WARN_EMPTY_BODY = YES;
				CLANG_WARN_ENUM_CONVERSION = YES;
				CLANG_WARN_INFINITE_RECURSION = YES;
				CLANG_WARN_INT_CONVERSION = YES;
				CLANG_WARN_NON_LITERAL_NULL_CONVERSION = YES;
				CLANG_WARN_OBJC_IMPLICIT_RETAIN_SELF = YES;
				CLANG_WARN_OBJC_LITERAL_CONVERSION = YES;
				CLANG_WARN_OBJC_ROOT_CLASS = YES_ERROR;
				CLANG_WARN_QUOTED_INCLUDE_IN_FRAMEWORK_HEADER = YES;
				CLANG_WARN_RANGE_LOOP_ANALYSIS = YES;
				CLANG_WARN_STRICT_PROTOTYPES = YES;
				CLANG_WARN_SUSPICIOUS_MOVE = YES;
				CLANG_WARN_UNGUARDED_AVAILABILITY = YES_AGGRESSIVE;
				CLANG_WARN_UNREACHABLE_CODE = YES;
				CLANG_WARN__DUPLICATE_METHOD_MATCH = YES;
				COPY_PHASE_STRIP = NO;
				DEBUG_INFORMATION_FORMAT = "dwarf-with-dsym";
				ENABLE_NS_ASSERTIONS = NO;
				ENABLE_STRICT_OBJC_MSGSEND = YES;
				ENABLE_USER_SCRIPT_SANDBOXING = YES;
				GCC_C_LANGUAGE_STANDARD = gnu17;
				GCC_NO_COMMON_BLOCKS = YES;
				GCC_WARN_64_TO_32_BIT_CONVERSION = YES;
				GCC_WARN_ABOUT_RETURN_TYPE = YES_ERROR;
				GCC_WARN_UNDECLARED_SELECTOR = YES;
				GCC_WARN_UNINITIALIZED_AUTOS = YES_AGGRESSIVE;
				GCC_WARN_UNUSED_FUNCTION = YES;
				GCC_WARN_UNUSED_VARIABLE = YES;
				LOCALIZATION_PREFERS_STRING_CATALOGS = YES;
				MTL_ENABLE_DEBUG_INFO = NO;
				MTL_FAST_MATH = YES;
				SWIFT_COMPILATION_MODE = wholemodule;
			};
			name = Release;
		};
		44CFDDFE2B0B20CF0002ECAB /* Debug */ = {
			isa = XCBuildConfiguration;
			buildSettings = {
				ASSETCATALOG_COMPILER_APPICON_NAME = AppIcon;
				ASSETCATALOG_COMPILER_GLOBAL_ACCENT_COLOR_NAME = AccentColor;
				CODE_SIGN_ENTITLEMENTS = DefineLens/DefineLens.entitlements;
				CODE_SIGN_STYLE = Automatic;
				CURRENT_PROJECT_VERSION = 1;
				DEVELOPMENT_ASSET_PATHS = "\"DefineLens/Preview Content\"";
				DEVELOPMENT_TEAM = N8YQ243JP7;
				ENABLE_HARDENED_RUNTIME = YES;
				ENABLE_PREVIEWS = YES;
				GENERATE_INFOPLIST_FILE = YES;
				INFOPLIST_KEY_LSApplicationCategoryType = "";
				INFOPLIST_KEY_NSCameraUsageDescription = "Camera access needed to recognize the words";
				INFOPLIST_KEY_NSPhotoLibraryAddUsageDescription = "Your app uses the photo library to save debugging images for OCR processing.";
				"INFOPLIST_KEY_UIApplicationSceneManifest_Generation[sdk=iphoneos*]" = YES;
				"INFOPLIST_KEY_UIApplicationSceneManifest_Generation[sdk=iphonesimulator*]" = YES;
				"INFOPLIST_KEY_UIApplicationSupportsIndirectInputEvents[sdk=iphoneos*]" = YES;
				"INFOPLIST_KEY_UIApplicationSupportsIndirectInputEvents[sdk=iphonesimulator*]" = YES;
				"INFOPLIST_KEY_UILaunchScreen_Generation[sdk=iphoneos*]" = YES;
				"INFOPLIST_KEY_UILaunchScreen_Generation[sdk=iphonesimulator*]" = YES;
				"INFOPLIST_KEY_UIStatusBarStyle[sdk=iphoneos*]" = UIStatusBarStyleDefault;
				"INFOPLIST_KEY_UIStatusBarStyle[sdk=iphonesimulator*]" = UIStatusBarStyleDefault;
				INFOPLIST_KEY_UISupportedInterfaceOrientations_iPad = "UIInterfaceOrientationPortrait UIInterfaceOrientationPortraitUpsideDown UIInterfaceOrientationLandscapeLeft UIInterfaceOrientationLandscapeRight";
				INFOPLIST_KEY_UISupportedInterfaceOrientations_iPhone = "UIInterfaceOrientationPortrait UIInterfaceOrientationLandscapeLeft UIInterfaceOrientationLandscapeRight";
				IPHONEOS_DEPLOYMENT_TARGET = 16.0;
				LD_RUNPATH_SEARCH_PATHS = "@executable_path/Frameworks";
				"LD_RUNPATH_SEARCH_PATHS[sdk=macosx*]" = "@executable_path/../Frameworks";
				MACOSX_DEPLOYMENT_TARGET = 13.0;
				MARKETING_VERSION = 1.0;
				PRODUCT_BUNDLE_IDENTIFIER = com.saisandeepvaddi.DefineLens;
				PRODUCT_NAME = "$(TARGET_NAME)";
				SDKROOT = auto;
				SUPPORTED_PLATFORMS = "iphoneos iphonesimulator";
				SUPPORTS_MACCATALYST = NO;
				SWIFT_EMIT_LOC_STRINGS = YES;
				SWIFT_VERSION = 5.0;
				TARGETED_DEVICE_FAMILY = "1,2";
			};
			name = Debug;
		};
		44CFDDFF2B0B20CF0002ECAB /* Release */ = {
			isa = XCBuildConfiguration;
			buildSettings = {
				ASSETCATALOG_COMPILER_APPICON_NAME = AppIcon;
				ASSETCATALOG_COMPILER_GLOBAL_ACCENT_COLOR_NAME = AccentColor;
				CODE_SIGN_ENTITLEMENTS = DefineLens/DefineLens.entitlements;
				CODE_SIGN_STYLE = Automatic;
				CURRENT_PROJECT_VERSION = 1;
				DEVELOPMENT_ASSET_PATHS = "\"DefineLens/Preview Content\"";
				DEVELOPMENT_TEAM = N8YQ243JP7;
				ENABLE_HARDENED_RUNTIME = YES;
				ENABLE_PREVIEWS = YES;
				GENERATE_INFOPLIST_FILE = YES;
				INFOPLIST_KEY_LSApplicationCategoryType = "";
				INFOPLIST_KEY_NSCameraUsageDescription = "Camera access needed to recognize the words";
				INFOPLIST_KEY_NSPhotoLibraryAddUsageDescription = "Your app uses the photo library to save debugging images for OCR processing.";
				"INFOPLIST_KEY_UIApplicationSceneManifest_Generation[sdk=iphoneos*]" = YES;
				"INFOPLIST_KEY_UIApplicationSceneManifest_Generation[sdk=iphonesimulator*]" = YES;
				"INFOPLIST_KEY_UIApplicationSupportsIndirectInputEvents[sdk=iphoneos*]" = YES;
				"INFOPLIST_KEY_UIApplicationSupportsIndirectInputEvents[sdk=iphonesimulator*]" = YES;
				"INFOPLIST_KEY_UILaunchScreen_Generation[sdk=iphoneos*]" = YES;
				"INFOPLIST_KEY_UILaunchScreen_Generation[sdk=iphonesimulator*]" = YES;
				"INFOPLIST_KEY_UIStatusBarStyle[sdk=iphoneos*]" = UIStatusBarStyleDefault;
				"INFOPLIST_KEY_UIStatusBarStyle[sdk=iphonesimulator*]" = UIStatusBarStyleDefault;
				INFOPLIST_KEY_UISupportedInterfaceOrientations_iPad = "UIInterfaceOrientationPortrait UIInterfaceOrientationPortraitUpsideDown UIInterfaceOrientationLandscapeLeft UIInterfaceOrientationLandscapeRight";
				INFOPLIST_KEY_UISupportedInterfaceOrientations_iPhone = "UIInterfaceOrientationPortrait UIInterfaceOrientationLandscapeLeft UIInterfaceOrientationLandscapeRight";
				IPHONEOS_DEPLOYMENT_TARGET = 16.0;
				LD_RUNPATH_SEARCH_PATHS = "@executable_path/Frameworks";
				"LD_RUNPATH_SEARCH_PATHS[sdk=macosx*]" = "@executable_path/../Frameworks";
				MACOSX_DEPLOYMENT_TARGET = 13.0;
				MARKETING_VERSION = 1.0;
				PRODUCT_BUNDLE_IDENTIFIER = com.saisandeepvaddi.DefineLens;
				PRODUCT_NAME = "$(TARGET_NAME)";
				SDKROOT = auto;
				SUPPORTED_PLATFORMS = "iphoneos iphonesimulator";
				SUPPORTS_MACCATALYST = NO;
				SWIFT_EMIT_LOC_STRINGS = YES;
				SWIFT_VERSION = 5.0;
				TARGETED_DEVICE_FAMILY = "1,2";
			};
			name = Release;
		};
/* End XCBuildConfiguration section */

/* Begin XCConfigurationList section */
		44CFDDE92B0B20CE0002ECAB /* Build configuration list for PBXProject "DefineLens" */ = {
			isa = XCConfigurationList;
			buildConfigurations = (
				44CFDDFB2B0B20CF0002ECAB /* Debug */,
				44CFDDFC2B0B20CF0002ECAB /* Release */,
			);
			defaultConfigurationIsVisible = 0;
			defaultConfigurationName = Release;
		};
		44CFDDFD2B0B20CF0002ECAB /* Build configuration list for PBXNativeTarget "DefineLens" */ = {
			isa = XCConfigurationList;
			buildConfigurations = (
				44CFDDFE2B0B20CF0002ECAB /* Debug */,
				44CFDDFF2B0B20CF0002ECAB /* Release */,
			);
			defaultConfigurationIsVisible = 0;
			defaultConfigurationName = Release;
		};
/* End XCConfigurationList section */
	};
	rootObject = 44CFDDE62B0B20CE0002ECAB /* Project object */;
}
